
Microsoft Visual Studio Solution File, Format Version 12.00
# Visual Studio Version 16
VisualStudioVersion = 16.0.30128.74
MinimumVisualStudioVersion = 10.0.40219.1
Project("{FAE04EC0-301F-11D3-BF4B-00C04F79EFBC}") = "Tk.BlazorGrid.Server", "Tk.BlazorGrid\Server\Tk.BlazorGrid.Server.csproj", "{A94C8072-CC14-4A00-B687-2FD73A025C60}"
EndProject
Project("{FAE04EC0-301F-11D3-BF4B-00C04F79EFBC}") = "Tk.BlazorGrid.Client", "Tk.BlazorGrid\Client\Tk.BlazorGrid.Client.csproj", "{CE46AB72-7925-40F1-A8DA-8710BAEAE392}"
EndProject
Project("{FAE04EC0-301F-11D3-BF4B-00C04F79EFBC}") = "Tk.BlazorGrid.Shared", "Tk.BlazorGrid\Shared\Tk.BlazorGrid.Shared.csproj", "{B47B9F51-5D8E-4D55-912C-43A68BB88769}"
EndProject
Global
	GlobalSection(SolutionConfigurationPlatforms) = preSolution
		Debug|Any CPU = Debug|Any CPU
		Release|Any CPU = Release|Any CPU
	EndGlobalSection
	GlobalSection(ProjectConfigurationPlatforms) = postSolution
		{A94C8072-CC14-4A00-B687-2FD73A025C60}.Debug|Any CPU.ActiveCfg = Debug|Any CPU
		{A94C8072-CC14-4A00-B687-2FD73A025C60}.Debug|Any CPU.Build.0 = Debug|Any CPU
		{A94C8072-CC14-4A00-B687-2FD73A025C60}.Release|Any CPU.ActiveCfg = Release|Any CPU
		{A94C8072-CC14-4A00-B687-2FD73A025C60}.Release|Any CPU.Build.0 = Release|Any CPU
		{CE46AB72-7925-40F1-A8DA-8710BAEAE392}.Debug|Any CPU.ActiveCfg = Debug|Any CPU
		{CE46AB72-7925-40F1-A8DA-8710BAEAE392}.Debug|Any CPU.Build.0 = Debug|Any CPU
		{CE46AB72-7925-40F1-A8DA-8710BAEAE392}.Release|Any CPU.ActiveCfg = Release|Any CPU
		{CE46AB72-7925-40F1-A8DA-8710BAEAE392}.Release|Any CPU.Build.0 = Release|Any CPU
		{B47B9F51-5D8E-4D55-912C-43A68BB88769}.Debug|Any CPU.ActiveCfg = Debug|Any CPU
		{B47B9F51-5D8E-4D55-912C-43A68BB88769}.Debug|Any CPU.Build.0 = Debug|Any CPU
		{B47B9F51-5D8E-4D55-912C-43A68BB88769}.Release|Any CPU.ActiveCfg = Release|Any CPU
		{B47B9F51-5D8E-4D55-912C-43A68BB88769}.Release|Any CPU.Build.0 = Release|Any CPU
	EndGlobalSection
	GlobalSection(SolutionProperties) = preSolution
		HideSolutionNode = FALSE
	EndGlobalSection
	GlobalSection(ExtensibilityGlobals) = postSolution
		SolutionGuid = {506851B5-4FE1-41C8-99CD-F6D6313E9BC2}
	EndGlobalSection
EndGlobal
